
Microsoft Visual Studio Solution File, Format Version 12.00
# Visual Studio Version 17
VisualStudioVersion = 17.5.002.0
MinimumVisualStudioVersion = 10.0.40219.1
Project("{9A19103F-16F7-4668-BE54-9A1E7A4F7556}") = "RectangleApplcation", "RectangleApplcation\RectangleApplcation.csproj", "{05F1C915-06B2-47C1-8731-C41272ACE35F}"
EndProject
Global
	GlobalSection(SolutionConfigurationPlatforms) = preSolution
		Debug|Any CPU = Debug|Any CPU
		Release|Any CPU = Release|Any CPU
	EndGlobalSection
	GlobalSection(ProjectConfigurationPlatforms) = postSolution
		{05F1C915-06B2-47C1-8731-C41272ACE35F}.Debug|Any CPU.ActiveCfg = Debug|Any CPU
		{05F1C915-06B2-47C1-8731-C41272ACE35F}.Debug|Any CPU.Build.0 = Debug|Any CPU
		{05F1C915-06B2-47C1-8731-C41272ACE35F}.Release|Any CPU.ActiveCfg = Release|Any CPU
		{05F1C915-06B2-47C1-8731-C41272ACE35F}.Release|Any CPU.Build.0 = Release|Any CPU
	EndGlobalSection
	GlobalSection(SolutionProperties) = preSolution
		HideSolutionNode = FALSE
	EndGlobalSection
	GlobalSection(ExtensibilityGlobals) = postSolution
		SolutionGuid = {571A5B32-20D0-4C06-A7CA-D07AE9A95964}
	EndGlobalSection
EndGlobal
