
Microsoft Visual Studio Solution File, Format Version 12.00
# Visual Studio Version 17
VisualStudioVersion = 17.8.34330.188
MinimumVisualStudioVersion = 10.0.40219.1
Project("{8BC9CEB8-8B4A-11D0-8D11-00A0C91BC942}") = "5.回调函数", "5.回调函数\5.回调函数.vcxproj", "{EFCB8312-4A44-48E6-BF94-4A0EE3C1C0CB}"
EndProject
Project("{8BC9CEB8-8B4A-11D0-8D11-00A0C91BC942}") = "6.Struct", "6.Struct\6.Struct.vcxproj", "{AD210F40-C5AB-4573-8E50-1BB440E1FCC9}"
EndProject
Project("{8BC9CEB8-8B4A-11D0-8D11-00A0C91BC942}") = "7.位域", "7.位域\7.位域.vcxproj", "{652279B6-F0AA-487C-A810-CF52C6E5D800}"
EndProject
Project("{8BC9CEB8-8B4A-11D0-8D11-00A0C91BC942}") = "8.输入输出", "8.输入输出\8.输入输出.vcxproj", "{C58C466F-0583-4371-8821-686B1B6C3973}"
EndProject
Project("{8BC9CEB8-8B4A-11D0-8D11-00A0C91BC942}") = "1.变量声明", "1.变量声明\变量声明.vcxproj", "{5FF72CFE-CAD0-43E2-9468-36C8762CA799}"
EndProject
Project("{8BC9CEB8-8B4A-11D0-8D11-00A0C91BC942}") = "2.指针数组", "2.指针数组\指针数组.vcxproj", "{D5A3B496-CE98-4A58-81D0-181555A898B6}"
EndProject
Project("{8BC9CEB8-8B4A-11D0-8D11-00A0C91BC942}") = "3.指针形参", "3.指针形参\指针形参.vcxproj", "{F74DF819-DE02-4A98-A776-9DA5CEF716A4}"
EndProject
Project("{8BC9CEB8-8B4A-11D0-8D11-00A0C91BC942}") = "4.函数指针", "4.函数指针\函数指针.vcxproj", "{E4594DB0-A1D2-44DE-AA53-0C60EA4C105B}"
EndProject
Project("{8BC9CEB8-8B4A-11D0-8D11-00A0C91BC942}") = "9.字符串化", "9.字符串化\9.字符串化.vcxproj", "{02858F53-A450-45D1-8A1E-37BAF1B7D0C1}"
EndProject
Project("{8BC9CEB8-8B4A-11D0-8D11-00A0C91BC942}") = "10.错误处理", "10.错误处理\10.错误处理.vcxproj", "{44DF7226-B8EA-4D2A-BEB7-C1A027FA2014}"
EndProject
Project("{8BC9CEB8-8B4A-11D0-8D11-00A0C91BC942}") = "11.递归", "11.递归\11.递归.vcxproj", "{4404BA0E-8F55-4F03-84E5-0AE8EDEC6AAA}"
EndProject
Project("{8BC9CEB8-8B4A-11D0-8D11-00A0C91BC942}") = "11.可变参数", "11.可变参数\11.可变参数.vcxproj", "{128AE627-B67A-4DF8-BDA6-9139DCF7C1D6}"
EndProject
Project("{8BC9CEB8-8B4A-11D0-8D11-00A0C91BC942}") = "12.内存管理", "12.内存管理\12.内存管理.vcxproj", "{CF29894C-099F-46C1-A7E8-790DBDBD625B}"
EndProject
Project("{8BC9CEB8-8B4A-11D0-8D11-00A0C91BC942}") = "13.命令行参数", "13.命令行参数\13.命令行参数.vcxproj", "{EACA715A-4B64-40CB-8DAC-DBB7BBC825E3}"
EndProject
Global
	GlobalSection(SolutionConfigurationPlatforms) = preSolution
		Debug|x64 = Debug|x64
		Debug|x86 = Debug|x86
		Release|x64 = Release|x64
		Release|x86 = Release|x86
	EndGlobalSection
	GlobalSection(ProjectConfigurationPlatforms) = postSolution
		{EFCB8312-4A44-48E6-BF94-4A0EE3C1C0CB}.Debug|x64.ActiveCfg = Debug|x64
		{EFCB8312-4A44-48E6-BF94-4A0EE3C1C0CB}.Debug|x64.Build.0 = Debug|x64
		{EFCB8312-4A44-48E6-BF94-4A0EE3C1C0CB}.Debug|x86.ActiveCfg = Debug|Win32
		{EFCB8312-4A44-48E6-BF94-4A0EE3C1C0CB}.Debug|x86.Build.0 = Debug|Win32
		{EFCB8312-4A44-48E6-BF94-4A0EE3C1C0CB}.Release|x64.ActiveCfg = Release|x64
		{EFCB8312-4A44-48E6-BF94-4A0EE3C1C0CB}.Release|x64.Build.0 = Release|x64
		{EFCB8312-4A44-48E6-BF94-4A0EE3C1C0CB}.Release|x86.ActiveCfg = Release|Win32
		{EFCB8312-4A44-48E6-BF94-4A0EE3C1C0CB}.Release|x86.Build.0 = Release|Win32
		{AD210F40-C5AB-4573-8E50-1BB440E1FCC9}.Debug|x64.ActiveCfg = Debug|x64
		{AD210F40-C5AB-4573-8E50-1BB440E1FCC9}.Debug|x64.Build.0 = Debug|x64
		{AD210F40-C5AB-4573-8E50-1BB440E1FCC9}.Debug|x86.ActiveCfg = Debug|Win32
		{AD210F40-C5AB-4573-8E50-1BB440E1FCC9}.Debug|x86.Build.0 = Debug|Win32
		{AD210F40-C5AB-4573-8E50-1BB440E1FCC9}.Release|x64.ActiveCfg = Release|x64
		{AD210F40-C5AB-4573-8E50-1BB440E1FCC9}.Release|x64.Build.0 = Release|x64
		{AD210F40-C5AB-4573-8E50-1BB440E1FCC9}.Release|x86.ActiveCfg = Release|Win32
		{AD210F40-C5AB-4573-8E50-1BB440E1FCC9}.Release|x86.Build.0 = Release|Win32
		{652279B6-F0AA-487C-A810-CF52C6E5D800}.Debug|x64.ActiveCfg = Debug|x64
		{652279B6-F0AA-487C-A810-CF52C6E5D800}.Debug|x64.Build.0 = Debug|x64
		{652279B6-F0AA-487C-A810-CF52C6E5D800}.Debug|x86.ActiveCfg = Debug|Win32
		{652279B6-F0AA-487C-A810-CF52C6E5D800}.Debug|x86.Build.0 = Debug|Win32
		{652279B6-F0AA-487C-A810-CF52C6E5D800}.Release|x64.ActiveCfg = Release|x64
		{652279B6-F0AA-487C-A810-CF52C6E5D800}.Release|x64.Build.0 = Release|x64
		{652279B6-F0AA-487C-A810-CF52C6E5D800}.Release|x86.ActiveCfg = Release|Win32
		{652279B6-F0AA-487C-A810-CF52C6E5D800}.Release|x86.Build.0 = Release|Win32
		{C58C466F-0583-4371-8821-686B1B6C3973}.Debug|x64.ActiveCfg = Debug|x64
		{C58C466F-0583-4371-8821-686B1B6C3973}.Debug|x64.Build.0 = Debug|x64
		{C58C466F-0583-4371-8821-686B1B6C3973}.Debug|x86.ActiveCfg = Debug|Win32
		{C58C466F-0583-4371-8821-686B1B6C3973}.Debug|x86.Build.0 = Debug|Win32
		{C58C466F-0583-4371-8821-686B1B6C3973}.Release|x64.ActiveCfg = Release|x64
		{C58C466F-0583-4371-8821-686B1B6C3973}.Release|x64.Build.0 = Release|x64
		{C58C466F-0583-4371-8821-686B1B6C3973}.Release|x86.ActiveCfg = Release|Win32
		{C58C466F-0583-4371-8821-686B1B6C3973}.Release|x86.Build.0 = Release|Win32
		{5FF72CFE-CAD0-43E2-9468-36C8762CA799}.Debug|x64.ActiveCfg = Debug|x64
		{5FF72CFE-CAD0-43E2-9468-36C8762CA799}.Debug|x64.Build.0 = Debug|x64
		{5FF72CFE-CAD0-43E2-9468-36C8762CA799}.Debug|x86.ActiveCfg = Debug|Win32
		{5FF72CFE-CAD0-43E2-9468-36C8762CA799}.Debug|x86.Build.0 = Debug|Win32
		{5FF72CFE-CAD0-43E2-9468-36C8762CA799}.Release|x64.ActiveCfg = Release|x64
		{5FF72CFE-CAD0-43E2-9468-36C8762CA799}.Release|x64.Build.0 = Release|x64
		{5FF72CFE-CAD0-43E2-9468-36C8762CA799}.Release|x86.ActiveCfg = Release|Win32
		{5FF72CFE-CAD0-43E2-9468-36C8762CA799}.Release|x86.Build.0 = Release|Win32
		{D5A3B496-CE98-4A58-81D0-181555A898B6}.Debug|x64.ActiveCfg = Debug|x64
		{D5A3B496-CE98-4A58-81D0-181555A898B6}.Debug|x64.Build.0 = Debug|x64
		{D5A3B496-CE98-4A58-81D0-181555A898B6}.Debug|x86.ActiveCfg = Debug|Win32
		{D5A3B496-CE98-4A58-81D0-181555A898B6}.Debug|x86.Build.0 = Debug|Win32
		{D5A3B496-CE98-4A58-81D0-181555A898B6}.Release|x64.ActiveCfg = Release|x64
		{D5A3B496-CE98-4A58-81D0-181555A898B6}.Release|x64.Build.0 = Release|x64
		{D5A3B496-CE98-4A58-81D0-181555A898B6}.Release|x86.ActiveCfg = Release|Win32
		{D5A3B496-CE98-4A58-81D0-181555A898B6}.Release|x86.Build.0 = Release|Win32
		{F74DF819-DE02-4A98-A776-9DA5CEF716A4}.Debug|x64.ActiveCfg = Debug|x64
		{F74DF819-DE02-4A98-A776-9DA5CEF716A4}.Debug|x64.Build.0 = Debug|x64
		{F74DF819-DE02-4A98-A776-9DA5CEF716A4}.Debug|x86.ActiveCfg = Debug|Win32
		{F74DF819-DE02-4A98-A776-9DA5CEF716A4}.Debug|x86.Build.0 = Debug|Win32
		{F74DF819-DE02-4A98-A776-9DA5CEF716A4}.Release|x64.ActiveCfg = Release|x64
		{F74DF819-DE02-4A98-A776-9DA5CEF716A4}.Release|x64.Build.0 = Release|x64
		{F74DF819-DE02-4A98-A776-9DA5CEF716A4}.Release|x86.ActiveCfg = Release|Win32
		{F74DF819-DE02-4A98-A776-9DA5CEF716A4}.Release|x86.Build.0 = Release|Win32
		{E4594DB0-A1D2-44DE-AA53-0C60EA4C105B}.Debug|x64.ActiveCfg = Debug|x64
		{E4594DB0-A1D2-44DE-AA53-0C60EA4C105B}.Debug|x64.Build.0 = Debug|x64
		{E4594DB0-A1D2-44DE-AA53-0C60EA4C105B}.Debug|x86.ActiveCfg = Debug|Win32
		{E4594DB0-A1D2-44DE-AA53-0C60EA4C105B}.Debug|x86.Build.0 = Debug|Win32
		{E4594DB0-A1D2-44DE-AA53-0C60EA4C105B}.Release|x64.ActiveCfg = Release|x64
		{E4594DB0-A1D2-44DE-AA53-0C60EA4C105B}.Release|x64.Build.0 = Release|x64
		{E4594DB0-A1D2-44DE-AA53-0C60EA4C105B}.Release|x86.ActiveCfg = Release|Win32
		{E4594DB0-A1D2-44DE-AA53-0C60EA4C105B}.Release|x86.Build.0 = Release|Win32
		{02858F53-A450-45D1-8A1E-37BAF1B7D0C1}.Debug|x64.ActiveCfg = Debug|x64
		{02858F53-A450-45D1-8A1E-37BAF1B7D0C1}.Debug|x64.Build.0 = Debug|x64
		{02858F53-A450-45D1-8A1E-37BAF1B7D0C1}.Debug|x86.ActiveCfg = Debug|Win32
		{02858F53-A450-45D1-8A1E-37BAF1B7D0C1}.Debug|x86.Build.0 = Debug|Win32
		{02858F53-A450-45D1-8A1E-37BAF1B7D0C1}.Release|x64.ActiveCfg = Release|x64
		{02858F53-A450-45D1-8A1E-37BAF1B7D0C1}.Release|x64.Build.0 = Release|x64
		{02858F53-A450-45D1-8A1E-37BAF1B7D0C1}.Release|x86.ActiveCfg = Release|Win32
		{02858F53-A450-45D1-8A1E-37BAF1B7D0C1}.Release|x86.Build.0 = Release|Win32
		{44DF7226-B8EA-4D2A-BEB7-C1A027FA2014}.Debug|x64.ActiveCfg = Debug|x64
		{44DF7226-B8EA-4D2A-BEB7-C1A027FA2014}.Debug|x64.Build.0 = Debug|x64
		{44DF7226-B8EA-4D2A-BEB7-C1A027FA2014}.Debug|x86.ActiveCfg = Debug|Win32
		{44DF7226-B8EA-4D2A-BEB7-C1A027FA2014}.Debug|x86.Build.0 = Debug|Win32
		{44DF7226-B8EA-4D2A-BEB7-C1A027FA2014}.Release|x64.ActiveCfg = Release|x64
		{44DF7226-B8EA-4D2A-BEB7-C1A027FA2014}.Release|x64.Build.0 = Release|x64
		{44DF7226-B8EA-4D2A-BEB7-C1A027FA2014}.Release|x86.ActiveCfg = Release|Win32
		{44DF7226-B8EA-4D2A-BEB7-C1A027FA2014}.Release|x86.Build.0 = Release|Win32
		{4404BA0E-8F55-4F03-84E5-0AE8EDEC6AAA}.Debug|x64.ActiveCfg = Debug|x64
		{4404BA0E-8F55-4F03-84E5-0AE8EDEC6AAA}.Debug|x64.Build.0 = Debug|x64
		{4404BA0E-8F55-4F03-84E5-0AE8EDEC6AAA}.Debug|x86.ActiveCfg = Debug|Win32
		{4404BA0E-8F55-4F03-84E5-0AE8EDEC6AAA}.Debug|x86.Build.0 = Debug|Win32
		{4404BA0E-8F55-4F03-84E5-0AE8EDEC6AAA}.Release|x64.ActiveCfg = Release|x64
		{4404BA0E-8F55-4F03-84E5-0AE8EDEC6AAA}.Release|x64.Build.0 = Release|x64
		{4404BA0E-8F55-4F03-84E5-0AE8EDEC6AAA}.Release|x86.ActiveCfg = Release|Win32
		{4404BA0E-8F55-4F03-84E5-0AE8EDEC6AAA}.Release|x86.Build.0 = Release|Win32
		{128AE627-B67A-4DF8-BDA6-9139DCF7C1D6}.Debug|x64.ActiveCfg = Debug|x64
		{128AE627-B67A-4DF8-BDA6-9139DCF7C1D6}.Debug|x64.Build.0 = Debug|x64
		{128AE627-B67A-4DF8-BDA6-9139DCF7C1D6}.Debug|x86.ActiveCfg = Debug|Win32
		{128AE627-B67A-4DF8-BDA6-9139DCF7C1D6}.Debug|x86.Build.0 = Debug|Win32
		{128AE627-B67A-4DF8-BDA6-9139DCF7C1D6}.Release|x64.ActiveCfg = Release|x64
		{128AE627-B67A-4DF8-BDA6-9139DCF7C1D6}.Release|x64.Build.0 = Release|x64
		{128AE627-B67A-4DF8-BDA6-9139DCF7C1D6}.Release|x86.ActiveCfg = Release|Win32
		{128AE627-B67A-4DF8-BDA6-9139DCF7C1D6}.Release|x86.Build.0 = Release|Win32
		{CF29894C-099F-46C1-A7E8-790DBDBD625B}.Debug|x64.ActiveCfg = Debug|x64
		{CF29894C-099F-46C1-A7E8-790DBDBD625B}.Debug|x64.Build.0 = Debug|x64
		{CF29894C-099F-46C1-A7E8-790DBDBD625B}.Debug|x86.ActiveCfg = Debug|Win32
		{CF29894C-099F-46C1-A7E8-790DBDBD625B}.Debug|x86.Build.0 = Debug|Win32
		{CF29894C-099F-46C1-A7E8-790DBDBD625B}.Release|x64.ActiveCfg = Release|x64
		{CF29894C-099F-46C1-A7E8-790DBDBD625B}.Release|x64.Build.0 = Release|x64
		{CF29894C-099F-46C1-A7E8-790DBDBD625B}.Release|x86.ActiveCfg = Release|Win32
		{CF29894C-099F-46C1-A7E8-790DBDBD625B}.Release|x86.Build.0 = Release|Win32
		{EACA715A-4B64-40CB-8DAC-DBB7BBC825E3}.Debug|x64.ActiveCfg = Debug|x64
		{EACA715A-4B64-40CB-8DAC-DBB7BBC825E3}.Debug|x64.Build.0 = Debug|x64
		{EACA715A-4B64-40CB-8DAC-DBB7BBC825E3}.Debug|x86.ActiveCfg = Debug|Win32
		{EACA715A-4B64-40CB-8DAC-DBB7BBC825E3}.Debug|x86.Build.0 = Debug|Win32
		{EACA715A-4B64-40CB-8DAC-DBB7BBC825E3}.Release|x64.ActiveCfg = Release|x64
		{EACA715A-4B64-40CB-8DAC-DBB7BBC825E3}.Release|x64.Build.0 = Release|x64
		{EACA715A-4B64-40CB-8DAC-DBB7BBC825E3}.Release|x86.ActiveCfg = Release|Win32
		{EACA715A-4B64-40CB-8DAC-DBB7BBC825E3}.Release|x86.Build.0 = Release|Win32
	EndGlobalSection
	GlobalSection(SolutionProperties) = preSolution
		HideSolutionNode = FALSE
	EndGlobalSection
	GlobalSection(ExtensibilityGlobals) = postSolution
		SolutionGuid = {A458C9D0-3975-403A-B643-E443B7560924}
	EndGlobalSection
EndGlobal
