
Microsoft Visual Studio Solution File, Format Version 12.00
# Visual Studio Version 17
VisualStudioVersion = 17.8.34511.84
MinimumVisualStudioVersion = 10.0.40219.1
Project("{8BC9CEB8-8B4A-11D0-8D11-00A0C91BC942}") = "1.数组&指针", "1.数组&指针\1.数组&指针.vcxproj", "{6A8B7839-EE03-4BA0-94B9-FA46BB17CC40}"
EndProject
Project("{8BC9CEB8-8B4A-11D0-8D11-00A0C91BC942}") = "2.字符串", "2.字符串\2.字符串.vcxproj", "{2FCA81D5-0327-4DA4-BCCA-9DEC66AA4046}"
EndProject
Project("{8BC9CEB8-8B4A-11D0-8D11-00A0C91BC942}") = "3.日期&时间", "3.日期&时间\3.日期&时间.vcxproj", "{2CA7756B-B227-42E5-B549-BFB4F59AE59C}"
EndProject
Project("{8BC9CEB8-8B4A-11D0-8D11-00A0C91BC942}") = "4.类&对象", "..\4.类&对象\4.类&对象.vcxproj", "{1BEF43D3-3866-4043-A4E1-0A6C2E64C395}"
EndProject
Project("{8BC9CEB8-8B4A-11D0-8D11-00A0C91BC942}") = "5.继承", "5.继承\5.继承.vcxproj", "{185DAE1F-2C36-4A45-BEB9-91442DCEE28A}"
EndProject
Project("{8BC9CEB8-8B4A-11D0-8D11-00A0C91BC942}") = "6.重载运算符", "6.重载运算符\6.重载运算符.vcxproj", "{90187039-5996-4A1A-96BD-DE12FF1FD134}"
EndProject
Project("{8BC9CEB8-8B4A-11D0-8D11-00A0C91BC942}") = "7.多态", "7.多态\7.多态.vcxproj", "{4D1BB5C6-4827-4331-8D21-EE16C5854B13}"
EndProject
Project("{8BC9CEB8-8B4A-11D0-8D11-00A0C91BC942}") = "8.文件和流", "8.文件和流\8.文件和流.vcxproj", "{B8F96037-5510-445E-B6E8-2A98B0DCA13E}"
EndProject
Project("{8BC9CEB8-8B4A-11D0-8D11-00A0C91BC942}") = "9.异常处理", "9.异常处理\9.异常处理.vcxproj", "{C35954EC-E4FC-4365-94D1-F63BF8096060}"
EndProject
Project("{8BC9CEB8-8B4A-11D0-8D11-00A0C91BC942}") = "10.动态内存", "10.动态内存\10.动态内存.vcxproj", "{BA36101B-04E8-450B-A542-3AA9F11D02D3}"
EndProject
Project("{8BC9CEB8-8B4A-11D0-8D11-00A0C91BC942}") = "11.模板", "11.模板\11.模板.vcxproj", "{9BFB5061-044F-4020-B568-505BDA993CC6}"
EndProject
Project("{8BC9CEB8-8B4A-11D0-8D11-00A0C91BC942}") = "12.预处理器", "12.预处理器\12.预处理器.vcxproj", "{4CA3B8FC-6478-497E-BA76-3DE0D4AF131E}"
EndProject
Project("{8BC9CEB8-8B4A-11D0-8D11-00A0C91BC942}") = "13.信号处理", "13.信号处理\13.信号处理.vcxproj", "{64FA5A01-107C-4E69-AC2A-894780F631CD}"
EndProject
Project("{8BC9CEB8-8B4A-11D0-8D11-00A0C91BC942}") = "14.多线程", "14.多线程\14.多线程.vcxproj", "{E574AF68-CEA1-4DB0-ABAC-CB8EDBA71892}"
EndProject
Global
	GlobalSection(SolutionConfigurationPlatforms) = preSolution
		Debug|x64 = Debug|x64
		Debug|x86 = Debug|x86
		Release|x64 = Release|x64
		Release|x86 = Release|x86
	EndGlobalSection
	GlobalSection(ProjectConfigurationPlatforms) = postSolution
		{6A8B7839-EE03-4BA0-94B9-FA46BB17CC40}.Debug|x64.ActiveCfg = Debug|x64
		{6A8B7839-EE03-4BA0-94B9-FA46BB17CC40}.Debug|x64.Build.0 = Debug|x64
		{6A8B7839-EE03-4BA0-94B9-FA46BB17CC40}.Debug|x86.ActiveCfg = Debug|Win32
		{6A8B7839-EE03-4BA0-94B9-FA46BB17CC40}.Debug|x86.Build.0 = Debug|Win32
		{6A8B7839-EE03-4BA0-94B9-FA46BB17CC40}.Release|x64.ActiveCfg = Release|x64
		{6A8B7839-EE03-4BA0-94B9-FA46BB17CC40}.Release|x64.Build.0 = Release|x64
		{6A8B7839-EE03-4BA0-94B9-FA46BB17CC40}.Release|x86.ActiveCfg = Release|Win32
		{6A8B7839-EE03-4BA0-94B9-FA46BB17CC40}.Release|x86.Build.0 = Release|Win32
		{2FCA81D5-0327-4DA4-BCCA-9DEC66AA4046}.Debug|x64.ActiveCfg = Debug|x64
		{2FCA81D5-0327-4DA4-BCCA-9DEC66AA4046}.Debug|x64.Build.0 = Debug|x64
		{2FCA81D5-0327-4DA4-BCCA-9DEC66AA4046}.Debug|x86.ActiveCfg = Debug|Win32
		{2FCA81D5-0327-4DA4-BCCA-9DEC66AA4046}.Debug|x86.Build.0 = Debug|Win32
		{2FCA81D5-0327-4DA4-BCCA-9DEC66AA4046}.Release|x64.ActiveCfg = Release|x64
		{2FCA81D5-0327-4DA4-BCCA-9DEC66AA4046}.Release|x64.Build.0 = Release|x64
		{2FCA81D5-0327-4DA4-BCCA-9DEC66AA4046}.Release|x86.ActiveCfg = Release|Win32
		{2FCA81D5-0327-4DA4-BCCA-9DEC66AA4046}.Release|x86.Build.0 = Release|Win32
		{2CA7756B-B227-42E5-B549-BFB4F59AE59C}.Debug|x64.ActiveCfg = Debug|x64
		{2CA7756B-B227-42E5-B549-BFB4F59AE59C}.Debug|x64.Build.0 = Debug|x64
		{2CA7756B-B227-42E5-B549-BFB4F59AE59C}.Debug|x86.ActiveCfg = Debug|Win32
		{2CA7756B-B227-42E5-B549-BFB4F59AE59C}.Debug|x86.Build.0 = Debug|Win32
		{2CA7756B-B227-42E5-B549-BFB4F59AE59C}.Release|x64.ActiveCfg = Release|x64
		{2CA7756B-B227-42E5-B549-BFB4F59AE59C}.Release|x64.Build.0 = Release|x64
		{2CA7756B-B227-42E5-B549-BFB4F59AE59C}.Release|x86.ActiveCfg = Release|Win32
		{2CA7756B-B227-42E5-B549-BFB4F59AE59C}.Release|x86.Build.0 = Release|Win32
		{1BEF43D3-3866-4043-A4E1-0A6C2E64C395}.Debug|x64.ActiveCfg = Debug|x64
		{1BEF43D3-3866-4043-A4E1-0A6C2E64C395}.Debug|x64.Build.0 = Debug|x64
		{1BEF43D3-3866-4043-A4E1-0A6C2E64C395}.Debug|x86.ActiveCfg = Debug|Win32
		{1BEF43D3-3866-4043-A4E1-0A6C2E64C395}.Debug|x86.Build.0 = Debug|Win32
		{1BEF43D3-3866-4043-A4E1-0A6C2E64C395}.Release|x64.ActiveCfg = Release|x64
		{1BEF43D3-3866-4043-A4E1-0A6C2E64C395}.Release|x64.Build.0 = Release|x64
		{1BEF43D3-3866-4043-A4E1-0A6C2E64C395}.Release|x86.ActiveCfg = Release|Win32
		{1BEF43D3-3866-4043-A4E1-0A6C2E64C395}.Release|x86.Build.0 = Release|Win32
		{185DAE1F-2C36-4A45-BEB9-91442DCEE28A}.Debug|x64.ActiveCfg = Debug|x64
		{185DAE1F-2C36-4A45-BEB9-91442DCEE28A}.Debug|x64.Build.0 = Debug|x64
		{185DAE1F-2C36-4A45-BEB9-91442DCEE28A}.Debug|x86.ActiveCfg = Debug|Win32
		{185DAE1F-2C36-4A45-BEB9-91442DCEE28A}.Debug|x86.Build.0 = Debug|Win32
		{185DAE1F-2C36-4A45-BEB9-91442DCEE28A}.Release|x64.ActiveCfg = Release|x64
		{185DAE1F-2C36-4A45-BEB9-91442DCEE28A}.Release|x64.Build.0 = Release|x64
		{185DAE1F-2C36-4A45-BEB9-91442DCEE28A}.Release|x86.ActiveCfg = Release|Win32
		{185DAE1F-2C36-4A45-BEB9-91442DCEE28A}.Release|x86.Build.0 = Release|Win32
		{90187039-5996-4A1A-96BD-DE12FF1FD134}.Debug|x64.ActiveCfg = Debug|x64
		{90187039-5996-4A1A-96BD-DE12FF1FD134}.Debug|x64.Build.0 = Debug|x64
		{90187039-5996-4A1A-96BD-DE12FF1FD134}.Debug|x86.ActiveCfg = Debug|Win32
		{90187039-5996-4A1A-96BD-DE12FF1FD134}.Debug|x86.Build.0 = Debug|Win32
		{90187039-5996-4A1A-96BD-DE12FF1FD134}.Release|x64.ActiveCfg = Release|x64
		{90187039-5996-4A1A-96BD-DE12FF1FD134}.Release|x64.Build.0 = Release|x64
		{90187039-5996-4A1A-96BD-DE12FF1FD134}.Release|x86.ActiveCfg = Release|Win32
		{90187039-5996-4A1A-96BD-DE12FF1FD134}.Release|x86.Build.0 = Release|Win32
		{4D1BB5C6-4827-4331-8D21-EE16C5854B13}.Debug|x64.ActiveCfg = Debug|x64
		{4D1BB5C6-4827-4331-8D21-EE16C5854B13}.Debug|x64.Build.0 = Debug|x64
		{4D1BB5C6-4827-4331-8D21-EE16C5854B13}.Debug|x86.ActiveCfg = Debug|Win32
		{4D1BB5C6-4827-4331-8D21-EE16C5854B13}.Debug|x86.Build.0 = Debug|Win32
		{4D1BB5C6-4827-4331-8D21-EE16C5854B13}.Release|x64.ActiveCfg = Release|x64
		{4D1BB5C6-4827-4331-8D21-EE16C5854B13}.Release|x64.Build.0 = Release|x64
		{4D1BB5C6-4827-4331-8D21-EE16C5854B13}.Release|x86.ActiveCfg = Release|Win32
		{4D1BB5C6-4827-4331-8D21-EE16C5854B13}.Release|x86.Build.0 = Release|Win32
		{B8F96037-5510-445E-B6E8-2A98B0DCA13E}.Debug|x64.ActiveCfg = Debug|x64
		{B8F96037-5510-445E-B6E8-2A98B0DCA13E}.Debug|x64.Build.0 = Debug|x64
		{B8F96037-5510-445E-B6E8-2A98B0DCA13E}.Debug|x86.ActiveCfg = Debug|Win32
		{B8F96037-5510-445E-B6E8-2A98B0DCA13E}.Debug|x86.Build.0 = Debug|Win32
		{B8F96037-5510-445E-B6E8-2A98B0DCA13E}.Release|x64.ActiveCfg = Release|x64
		{B8F96037-5510-445E-B6E8-2A98B0DCA13E}.Release|x64.Build.0 = Release|x64
		{B8F96037-5510-445E-B6E8-2A98B0DCA13E}.Release|x86.ActiveCfg = Release|Win32
		{B8F96037-5510-445E-B6E8-2A98B0DCA13E}.Release|x86.Build.0 = Release|Win32
		{C35954EC-E4FC-4365-94D1-F63BF8096060}.Debug|x64.ActiveCfg = Debug|x64
		{C35954EC-E4FC-4365-94D1-F63BF8096060}.Debug|x64.Build.0 = Debug|x64
		{C35954EC-E4FC-4365-94D1-F63BF8096060}.Debug|x86.ActiveCfg = Debug|Win32
		{C35954EC-E4FC-4365-94D1-F63BF8096060}.Debug|x86.Build.0 = Debug|Win32
		{C35954EC-E4FC-4365-94D1-F63BF8096060}.Release|x64.ActiveCfg = Release|x64
		{C35954EC-E4FC-4365-94D1-F63BF8096060}.Release|x64.Build.0 = Release|x64
		{C35954EC-E4FC-4365-94D1-F63BF8096060}.Release|x86.ActiveCfg = Release|Win32
		{C35954EC-E4FC-4365-94D1-F63BF8096060}.Release|x86.Build.0 = Release|Win32
		{BA36101B-04E8-450B-A542-3AA9F11D02D3}.Debug|x64.ActiveCfg = Debug|x64
		{BA36101B-04E8-450B-A542-3AA9F11D02D3}.Debug|x64.Build.0 = Debug|x64
		{BA36101B-04E8-450B-A542-3AA9F11D02D3}.Debug|x86.ActiveCfg = Debug|Win32
		{BA36101B-04E8-450B-A542-3AA9F11D02D3}.Debug|x86.Build.0 = Debug|Win32
		{BA36101B-04E8-450B-A542-3AA9F11D02D3}.Release|x64.ActiveCfg = Release|x64
		{BA36101B-04E8-450B-A542-3AA9F11D02D3}.Release|x64.Build.0 = Release|x64
		{BA36101B-04E8-450B-A542-3AA9F11D02D3}.Release|x86.ActiveCfg = Release|Win32
		{BA36101B-04E8-450B-A542-3AA9F11D02D3}.Release|x86.Build.0 = Release|Win32
		{9BFB5061-044F-4020-B568-505BDA993CC6}.Debug|x64.ActiveCfg = Debug|x64
		{9BFB5061-044F-4020-B568-505BDA993CC6}.Debug|x64.Build.0 = Debug|x64
		{9BFB5061-044F-4020-B568-505BDA993CC6}.Debug|x86.ActiveCfg = Debug|Win32
		{9BFB5061-044F-4020-B568-505BDA993CC6}.Debug|x86.Build.0 = Debug|Win32
		{9BFB5061-044F-4020-B568-505BDA993CC6}.Release|x64.ActiveCfg = Release|x64
		{9BFB5061-044F-4020-B568-505BDA993CC6}.Release|x64.Build.0 = Release|x64
		{9BFB5061-044F-4020-B568-505BDA993CC6}.Release|x86.ActiveCfg = Release|Win32
		{9BFB5061-044F-4020-B568-505BDA993CC6}.Release|x86.Build.0 = Release|Win32
		{4CA3B8FC-6478-497E-BA76-3DE0D4AF131E}.Debug|x64.ActiveCfg = Debug|x64
		{4CA3B8FC-6478-497E-BA76-3DE0D4AF131E}.Debug|x64.Build.0 = Debug|x64
		{4CA3B8FC-6478-497E-BA76-3DE0D4AF131E}.Debug|x86.ActiveCfg = Debug|Win32
		{4CA3B8FC-6478-497E-BA76-3DE0D4AF131E}.Debug|x86.Build.0 = Debug|Win32
		{4CA3B8FC-6478-497E-BA76-3DE0D4AF131E}.Release|x64.ActiveCfg = Release|x64
		{4CA3B8FC-6478-497E-BA76-3DE0D4AF131E}.Release|x64.Build.0 = Release|x64
		{4CA3B8FC-6478-497E-BA76-3DE0D4AF131E}.Release|x86.ActiveCfg = Release|Win32
		{4CA3B8FC-6478-497E-BA76-3DE0D4AF131E}.Release|x86.Build.0 = Release|Win32
		{64FA5A01-107C-4E69-AC2A-894780F631CD}.Debug|x64.ActiveCfg = Debug|x64
		{64FA5A01-107C-4E69-AC2A-894780F631CD}.Debug|x64.Build.0 = Debug|x64
		{64FA5A01-107C-4E69-AC2A-894780F631CD}.Debug|x86.ActiveCfg = Debug|Win32
		{64FA5A01-107C-4E69-AC2A-894780F631CD}.Debug|x86.Build.0 = Debug|Win32
		{64FA5A01-107C-4E69-AC2A-894780F631CD}.Release|x64.ActiveCfg = Release|x64
		{64FA5A01-107C-4E69-AC2A-894780F631CD}.Release|x64.Build.0 = Release|x64
		{64FA5A01-107C-4E69-AC2A-894780F631CD}.Release|x86.ActiveCfg = Release|Win32
		{64FA5A01-107C-4E69-AC2A-894780F631CD}.Release|x86.Build.0 = Release|Win32
		{E574AF68-CEA1-4DB0-ABAC-CB8EDBA71892}.Debug|x64.ActiveCfg = Debug|x64
		{E574AF68-CEA1-4DB0-ABAC-CB8EDBA71892}.Debug|x64.Build.0 = Debug|x64
		{E574AF68-CEA1-4DB0-ABAC-CB8EDBA71892}.Debug|x86.ActiveCfg = Debug|Win32
		{E574AF68-CEA1-4DB0-ABAC-CB8EDBA71892}.Debug|x86.Build.0 = Debug|Win32
		{E574AF68-CEA1-4DB0-ABAC-CB8EDBA71892}.Release|x64.ActiveCfg = Release|x64
		{E574AF68-CEA1-4DB0-ABAC-CB8EDBA71892}.Release|x64.Build.0 = Release|x64
		{E574AF68-CEA1-4DB0-ABAC-CB8EDBA71892}.Release|x86.ActiveCfg = Release|Win32
		{E574AF68-CEA1-4DB0-ABAC-CB8EDBA71892}.Release|x86.Build.0 = Release|Win32
	EndGlobalSection
	GlobalSection(SolutionProperties) = preSolution
		HideSolutionNode = FALSE
	EndGlobalSection
	GlobalSection(ExtensibilityGlobals) = postSolution
		SolutionGuid = {68AC720C-29CB-4232-80C4-9F95CC9DACD4}
	EndGlobalSection
EndGlobal
